
Microsoft Visual Studio Solution File, Format Version 12.00
# Visual Studio 14
VisualStudioVersion = 14.0.25420.1
MinimumVisualStudioVersion = 10.0.40219.1
Project("{CC5FD16D-436D-48AD-A40C-5A424C6E3E79}") = "AzureCloudServiceApp", "AzureCloudServiceApp\AzureCloudServiceApp.ccproj", "{C8C68DFE-EC83-46B9-8879-4B031090F5E6}"
EndProject
Project("{FAE04EC0-301F-11D3-BF4B-00C04F79EFBC}") = "WebRole1", "WebRole1\WebRole1.csproj", "{E4E56BF9-C866-4BF2-B222-2C07060A8E57}"
EndProject
Project("{FAE04EC0-301F-11D3-BF4B-00C04F79EFBC}") = "WorkerRole1", "WorkerRole1\WorkerRole1.csproj", "{066DFB2B-2F58-410B-89E4-B567B184CA5E}"
EndProject
Global
	GlobalSection(SolutionConfigurationPlatforms) = preSolution
		Debug|Any CPU = Debug|Any CPU
		Release|Any CPU = Release|Any CPU
	EndGlobalSection
	GlobalSection(ProjectConfigurationPlatforms) = postSolution
		{C8C68DFE-EC83-46B9-8879-4B031090F5E6}.Debug|Any CPU.ActiveCfg = Debug|Any CPU
		{C8C68DFE-EC83-46B9-8879-4B031090F5E6}.Debug|Any CPU.Build.0 = Debug|Any CPU
		{C8C68DFE-EC83-46B9-8879-4B031090F5E6}.Release|Any CPU.ActiveCfg = Release|Any CPU
		{C8C68DFE-EC83-46B9-8879-4B031090F5E6}.Release|Any CPU.Build.0 = Release|Any CPU
		{E4E56BF9-C866-4BF2-B222-2C07060A8E57}.Debug|Any CPU.ActiveCfg = Debug|Any CPU
		{E4E56BF9-C866-4BF2-B222-2C07060A8E57}.Debug|Any CPU.Build.0 = Debug|Any CPU
		{E4E56BF9-C866-4BF2-B222-2C07060A8E57}.Release|Any CPU.ActiveCfg = Release|Any CPU
		{E4E56BF9-C866-4BF2-B222-2C07060A8E57}.Release|Any CPU.Build.0 = Release|Any CPU
		{066DFB2B-2F58-410B-89E4-B567B184CA5E}.Debug|Any CPU.ActiveCfg = Debug|Any CPU
		{066DFB2B-2F58-410B-89E4-B567B184CA5E}.Debug|Any CPU.Build.0 = Debug|Any CPU
		{066DFB2B-2F58-410B-89E4-B567B184CA5E}.Release|Any CPU.ActiveCfg = Release|Any CPU
		{066DFB2B-2F58-410B-89E4-B567B184CA5E}.Release|Any CPU.Build.0 = Release|Any CPU
	EndGlobalSection
	GlobalSection(SolutionProperties) = preSolution
		HideSolutionNode = FALSE
	EndGlobalSection
EndGlobal
